Microsoft Visual Studio Solution File, Format Version 10.00
# Visual Studio 2008
Project("{FAE04EC0-301F-11D3-BF4B-00C04F79EFBC}") = "Gablarski", "..\Gablarski\Gablarski.csproj", "{7347052B-DA5B-4CCA-AB28-3963766E3CDB}"
EndProject
Project("{FAE04EC0-301F-11D3-BF4B-00C04F79EFBC}") = "Barrel", "Barrel\Barrel.csproj", "{30C9010C-4948-4E83-B73B-04EB92A134FC}"
	ProjectSection(ProjectDependencies) = postProject
		{11487129-A8DB-4818-B4AA-236E8CDD92CC} = {11487129-A8DB-4818-B4AA-236E8CDD92CC}
	EndProjectSection
EndProject
Project("{FAE04EC0-301F-11D3-BF4B-00C04F79EFBC}") = "Gablarski.WebServer", "..\Gablarski.WebServer\Gablarski.WebServer.csproj", "{11487129-A8DB-4818-B4AA-236E8CDD92CC}"
EndProject
Project("{FAE04EC0-301F-11D3-BF4B-00C04F79EFBC}") = "Gablarski.LocalServer", "..\Gablarski.LocalServer\Gablarski.LocalServer.csproj", "{64869D2A-B532-4586-A0AC-750FCB66C63B}"
EndProject
Project("{FAE04EC0-301F-11D3-BF4B-00C04F79EFBC}") = "Gablarski.Tests", "..\Gablarski.Tests\Gablarski.Tests.csproj", "{7F9DB2AA-BA94-4C4F-9CD5-536B9B087D2E}"
EndProject
Global
	GlobalSection(SolutionConfigurationPlatforms) = preSolution
		Debug|Any CPU = Debug|Any CPU
		Debug|x86 = Debug|x86
		Mono Debug|Any CPU = Mono Debug|Any CPU
		Mono Debug|x86 = Mono Debug|x86
		Release|Any CPU = Release|Any CPU
		Release|x86 = Release|x86
	EndGlobalSection
	GlobalSection(ProjectConfigurationPlatforms) = postSolution
		{7347052B-DA5B-4CCA-AB28-3963766E3CDB}.Debug|Any CPU.ActiveCfg = Debug|Any CPU
		{7347052B-DA5B-4CCA-AB28-3963766E3CDB}.Debug|Any CPU.Build.0 = Debug|Any CPU
		{7347052B-DA5B-4CCA-AB28-3963766E3CDB}.Debug|x86.ActiveCfg = Debug|x86
		{7347052B-DA5B-4CCA-AB28-3963766E3CDB}.Debug|x86.Build.0 = Debug|x86
		{7347052B-DA5B-4CCA-AB28-3963766E3CDB}.Mono Debug|Any CPU.ActiveCfg = Mono Debug|Any CPU
		{7347052B-DA5B-4CCA-AB28-3963766E3CDB}.Mono Debug|Any CPU.Build.0 = Mono Debug|Any CPU
		{7347052B-DA5B-4CCA-AB28-3963766E3CDB}.Mono Debug|x86.ActiveCfg = Mono Debug|x86
		{7347052B-DA5B-4CCA-AB28-3963766E3CDB}.Mono Debug|x86.Build.0 = Mono Debug|x86
		{7347052B-DA5B-4CCA-AB28-3963766E3CDB}.Release|Any CPU.ActiveCfg = Release|Any CPU
		{7347052B-DA5B-4CCA-AB28-3963766E3CDB}.Release|Any CPU.Build.0 = Release|Any CPU
		{7347052B-DA5B-4CCA-AB28-3963766E3CDB}.Release|x86.ActiveCfg = Release|x86
		{7347052B-DA5B-4CCA-AB28-3963766E3CDB}.Release|x86.Build.0 = Release|x86
		{30C9010C-4948-4E83-B73B-04EB92A134FC}.Debug|Any CPU.ActiveCfg = Debug|Any CPU
		{30C9010C-4948-4E83-B73B-04EB92A134FC}.Debug|Any CPU.Build.0 = Debug|Any CPU
		{30C9010C-4948-4E83-B73B-04EB92A134FC}.Debug|x86.ActiveCfg = Debug|x86
		{30C9010C-4948-4E83-B73B-04EB92A134FC}.Debug|x86.Build.0 = Debug|x86
		{30C9010C-4948-4E83-B73B-04EB92A134FC}.Mono Debug|Any CPU.ActiveCfg = Debug|Any CPU
		{30C9010C-4948-4E83-B73B-04EB92A134FC}.Mono Debug|Any CPU.Build.0 = Debug|Any CPU
		{30C9010C-4948-4E83-B73B-04EB92A134FC}.Mono Debug|x86.ActiveCfg = Debug|Any CPU
		{30C9010C-4948-4E83-B73B-04EB92A134FC}.Mono Debug|x86.Build.0 = Debug|Any CPU
		{30C9010C-4948-4E83-B73B-04EB92A134FC}.Release|Any CPU.ActiveCfg = Release|Any CPU
		{30C9010C-4948-4E83-B73B-04EB92A134FC}.Release|Any CPU.Build.0 = Release|Any CPU
		{30C9010C-4948-4E83-B73B-04EB92A134FC}.Release|x86.ActiveCfg = Release|Any CPU
		{30C9010C-4948-4E83-B73B-04EB92A134FC}.Release|x86.Build.0 = Release|Any CPU
		{11487129-A8DB-4818-B4AA-236E8CDD92CC}.Debug|Any CPU.ActiveCfg = Debug|Any CPU
		{11487129-A8DB-4818-B4AA-236E8CDD92CC}.Debug|Any CPU.Build.0 = Debug|Any CPU
		{11487129-A8DB-4818-B4AA-236E8CDD92CC}.Debug|x86.ActiveCfg = Debug|x86
		{11487129-A8DB-4818-B4AA-236E8CDD92CC}.Debug|x86.Build.0 = Debug|x86
		{11487129-A8DB-4818-B4AA-236E8CDD92CC}.Mono Debug|Any CPU.ActiveCfg = Mono Debug|Any CPU
		{11487129-A8DB-4818-B4AA-236E8CDD92CC}.Mono Debug|Any CPU.Build.0 = Mono Debug|Any CPU
		{11487129-A8DB-4818-B4AA-236E8CDD92CC}.Mono Debug|x86.ActiveCfg = Mono Debug|x86
		{11487129-A8DB-4818-B4AA-236E8CDD92CC}.Mono Debug|x86.Build.0 = Mono Debug|x86
		{11487129-A8DB-4818-B4AA-236E8CDD92CC}.Release|Any CPU.ActiveCfg = Release|Any CPU
		{11487129-A8DB-4818-B4AA-236E8CDD92CC}.Release|Any CPU.Build.0 = Release|Any CPU
		{11487129-A8DB-4818-B4AA-236E8CDD92CC}.Release|x86.ActiveCfg = Release|x86
		{11487129-A8DB-4818-B4AA-236E8CDD92CC}.Release|x86.Build.0 = Release|x86
		{64869D2A-B532-4586-A0AC-750FCB66C63B}.Debug|Any CPU.ActiveCfg = Debug|Any CPU
		{64869D2A-B532-4586-A0AC-750FCB66C63B}.Debug|Any CPU.Build.0 = Debug|Any CPU
		{64869D2A-B532-4586-A0AC-750FCB66C63B}.Debug|x86.ActiveCfg = Debug|Any CPU
		{64869D2A-B532-4586-A0AC-750FCB66C63B}.Debug|x86.Build.0 = Debug|Any CPU
		{64869D2A-B532-4586-A0AC-750FCB66C63B}.Mono Debug|Any CPU.ActiveCfg = Debug|Any CPU
		{64869D2A-B532-4586-A0AC-750FCB66C63B}.Mono Debug|Any CPU.Build.0 = Debug|Any CPU
		{64869D2A-B532-4586-A0AC-750FCB66C63B}.Mono Debug|x86.ActiveCfg = Debug|Any CPU
		{64869D2A-B532-4586-A0AC-750FCB66C63B}.Release|Any CPU.ActiveCfg = Release|Any CPU
		{64869D2A-B532-4586-A0AC-750FCB66C63B}.Release|Any CPU.Build.0 = Release|Any CPU
		{64869D2A-B532-4586-A0AC-750FCB66C63B}.Release|x86.ActiveCfg = Release|Any CPU
		{7F9DB2AA-BA94-4C4F-9CD5-536B9B087D2E}.Debug|Any CPU.ActiveCfg = Debug|Any CPU
		{7F9DB2AA-BA94-4C4F-9CD5-536B9B087D2E}.Debug|Any CPU.Build.0 = Debug|Any CPU
		{7F9DB2AA-BA94-4C4F-9CD5-536B9B087D2E}.Debug|x86.ActiveCfg = Debug|Any CPU
		{7F9DB2AA-BA94-4C4F-9CD5-536B9B087D2E}.Debug|x86.Build.0 = Debug|Any CPU
		{7F9DB2AA-BA94-4C4F-9CD5-536B9B087D2E}.Mono Debug|Any CPU.ActiveCfg = Mono Debug|Any CPU
		{7F9DB2AA-BA94-4C4F-9CD5-536B9B087D2E}.Mono Debug|Any CPU.Build.0 = Mono Debug|Any CPU
		{7F9DB2AA-BA94-4C4F-9CD5-536B9B087D2E}.Mono Debug|x86.ActiveCfg = Mono Debug|Any CPU
		{7F9DB2AA-BA94-4C4F-9CD5-536B9B087D2E}.Release|Any CPU.ActiveCfg = Release|Any CPU
		{7F9DB2AA-BA94-4C4F-9CD5-536B9B087D2E}.Release|Any CPU.Build.0 = Release|Any CPU
		{7F9DB2AA-BA94-4C4F-9CD5-536B9B087D2E}.Release|x86.ActiveCfg = Release|Any CPU
	EndGlobalSection
	GlobalSection(SolutionProperties) = preSolution
		HideSolutionNode = FALSE
	EndGlobalSection
	GlobalSection(MonoDevelopProperties) = preSolution
		StartupItem = Barrel\Barrel.csproj
	EndGlobalSection
EndGlobal
