
Microsoft Visual Studio Solution File, Format Version 10.00
# Visual Studio 2008
Project("{FAE04EC0-301F-11D3-BF4B-00C04F79EFBC}") = "Gablarski-Gtk", "Gablarski-Gtk.csproj", "{8021A1E4-B984-40A4-BB16-357BA2ED04AA}"
EndProject
Project("{FAE04EC0-301F-11D3-BF4B-00C04F79EFBC}") = "Mono.Rocks", "..\..\Mono.Rocks\Mono.Rocks.csproj", "{F656F792-2CDE-4E17-BB5F-6A6F1C266CB8}"
EndProject
Project("{FAE04EC0-301F-11D3-BF4B-00C04F79EFBC}") = "Gablarski", "..\..\Gablarski\Gablarski.csproj", "{7347052B-DA5B-4CCA-AB28-3963766E3CDB}"
EndProject
Project("{FAE04EC0-301F-11D3-BF4B-00C04F79EFBC}") = "Gablarski.Clients", "..\..\Gablarski.Clients\Gablarski.Clients.csproj", "{F8A695AA-8BC9-46D4-8B7A-BDBD7B74401F}"
EndProject
Global
	GlobalSection(SolutionConfigurationPlatforms) = preSolution
		Debug|x86 = Debug|x86
		Release|x86 = Release|x86
		Mono Debug|Any CPU = Mono Debug|Any CPU
		Mono Debug|x86 = Mono Debug|x86
	EndGlobalSection
	GlobalSection(ProjectConfigurationPlatforms) = postSolution
		{7347052B-DA5B-4CCA-AB28-3963766E3CDB}.Debug|x86.ActiveCfg = Debug|x86
		{7347052B-DA5B-4CCA-AB28-3963766E3CDB}.Debug|x86.Build.0 = Debug|x86
		{7347052B-DA5B-4CCA-AB28-3963766E3CDB}.Mono Debug|Any CPU.ActiveCfg = Mono Debug|Any CPU
		{7347052B-DA5B-4CCA-AB28-3963766E3CDB}.Mono Debug|Any CPU.Build.0 = Mono Debug|Any CPU
		{7347052B-DA5B-4CCA-AB28-3963766E3CDB}.Mono Debug|x86.ActiveCfg = Mono Debug|x86
		{7347052B-DA5B-4CCA-AB28-3963766E3CDB}.Mono Debug|x86.Build.0 = Mono Debug|x86
		{7347052B-DA5B-4CCA-AB28-3963766E3CDB}.Release|x86.ActiveCfg = Release|x86
		{7347052B-DA5B-4CCA-AB28-3963766E3CDB}.Release|x86.Build.0 = Release|x86
		{8021A1E4-B984-40A4-BB16-357BA2ED04AA}.Debug|x86.ActiveCfg = Debug|x86
		{8021A1E4-B984-40A4-BB16-357BA2ED04AA}.Debug|x86.Build.0 = Debug|x86
		{8021A1E4-B984-40A4-BB16-357BA2ED04AA}.Release|x86.ActiveCfg = Release|x86
		{8021A1E4-B984-40A4-BB16-357BA2ED04AA}.Release|x86.Build.0 = Release|x86
		{F656F792-2CDE-4E17-BB5F-6A6F1C266CB8}.Debug|x86.ActiveCfg = Debug|Any CPU
		{F656F792-2CDE-4E17-BB5F-6A6F1C266CB8}.Debug|x86.Build.0 = Debug|Any CPU
		{F656F792-2CDE-4E17-BB5F-6A6F1C266CB8}.Release|x86.ActiveCfg = Release|Any CPU
		{F656F792-2CDE-4E17-BB5F-6A6F1C266CB8}.Release|x86.Build.0 = Release|Any CPU
		{F8A695AA-8BC9-46D4-8B7A-BDBD7B74401F}.Debug|x86.ActiveCfg = Debug|Any CPU
		{F8A695AA-8BC9-46D4-8B7A-BDBD7B74401F}.Debug|x86.Build.0 = Debug|Any CPU
		{F8A695AA-8BC9-46D4-8B7A-BDBD7B74401F}.Mono Debug|Any CPU.ActiveCfg = Mono Debug|Any CPU
		{F8A695AA-8BC9-46D4-8B7A-BDBD7B74401F}.Mono Debug|Any CPU.Build.0 = Mono Debug|Any CPU
		{F8A695AA-8BC9-46D4-8B7A-BDBD7B74401F}.Mono Debug|x86.ActiveCfg = Mono Debug|Any CPU
		{F8A695AA-8BC9-46D4-8B7A-BDBD7B74401F}.Mono Debug|x86.Build.0 = Mono Debug|Any CPU
		{F8A695AA-8BC9-46D4-8B7A-BDBD7B74401F}.Release|x86.ActiveCfg = Release|Any CPU
		{F8A695AA-8BC9-46D4-8B7A-BDBD7B74401F}.Release|x86.Build.0 = Release|Any CPU
	EndGlobalSection
	GlobalSection(MonoDevelopProperties) = preSolution
		StartupItem = Gablarski-Gtk.csproj
	EndGlobalSection
EndGlobal
