Microsoft Visual Studio Solution File, Format Version 11.00
# Visual Studio 2010
Project("{FAE04EC0-301F-11D3-BF4B-00C04F79EFBC}") = "Gablarski", "src\Gablarski\Gablarski.csproj", "{7347052B-DA5B-4CCA-AB28-3963766E3CDB}"
EndProject
Project("{FAE04EC0-301F-11D3-BF4B-00C04F79EFBC}") = "Gablarski.Tests", "src\Gablarski.Tests\Gablarski.Tests.csproj", "{7F9DB2AA-BA94-4C4F-9CD5-536B9B087D2E}"
EndProject
Project("{FAE04EC0-301F-11D3-BF4B-00C04F79EFBC}") = "Gablarski.Growl", "src\Gablarski.Growl\Gablarski.Growl.csproj", "{B3605103-A797-4F0F-9C3A-8566DD13700A}"
EndProject
Project("{FAE04EC0-301F-11D3-BF4B-00C04F79EFBC}") = "Gablarski.Input.DirectInput", "src\Gablarski.Input.DirectInput\Gablarski.Input.DirectInput.csproj", "{D5FBD205-094A-46C5-88A8-16D4053733D9}"
EndProject
Project("{FAE04EC0-301F-11D3-BF4B-00C04F79EFBC}") = "Gablarski.LocalServer", "src\Gablarski.LocalServer\Gablarski.LocalServer.csproj", "{64869D2A-B532-4586-A0AC-750FCB66C63B}"
EndProject
Project("{FAE04EC0-301F-11D3-BF4B-00C04F79EFBC}") = "Gablarski.Winamp", "src\Gablarski.Winamp\Gablarski.Winamp.csproj", "{C9DE76C5-68FC-44E1-AF63-CCE2D80BAA6C}"
EndProject
Project("{FAE04EC0-301F-11D3-BF4B-00C04F79EFBC}") = "Gablarski.SpeechNotifier", "src\Gablarski.SpeechNotifier\Gablarski.SpeechNotifier.csproj", "{542BFF13-39BF-456B-B36F-7F65C6AE0830}"
EndProject
Project("{FAE04EC0-301F-11D3-BF4B-00C04F79EFBC}") = "Gablarski.iTunes", "src\Gablarski.iTunes\Gablarski.iTunes.csproj", "{29A83468-C6AB-4485-BD35-F5BD8FEB8C2E}"
EndProject
Project("{FAE04EC0-301F-11D3-BF4B-00C04F79EFBC}") = "Gablarski.OpenAL", "src\Gablarski.OpenAL\Gablarski.OpenAL.csproj", "{4B71AD86-B6E7-4833-82B0-3CF38A128984}"
EndProject
Project("{FAE04EC0-301F-11D3-BF4B-00C04F79EFBC}") = "Gablarski.Clients.CLI", "src\Clients\CLI\Gablarski.Clients.CLI.csproj", "{DABD979A-6930-4250-A770-E746736F4AAF}"
EndProject
Project("{FAE04EC0-301F-11D3-BF4B-00C04F79EFBC}") = "Barrel", "src\Server\Barrel\Barrel.csproj", "{30C9010C-4948-4E83-B73B-04EB92A134FC}"
	ProjectSection(ProjectDependencies) = postProject
		{64869D2A-B532-4586-A0AC-750FCB66C63B} = {64869D2A-B532-4586-A0AC-750FCB66C63B}
	EndProjectSection
EndProject
Project("{2150E333-8FDC-42A3-9474-1A3956D46DE8}") = "Solution Items", "Solution Items", "{A1C61BD5-C069-40A1-B50E-6E116F02C573}"
	ProjectSection(SolutionItems) = preProject
		debug.build = debug.build
	EndProjectSection
EndProject
Project("{FAE04EC0-301F-11D3-BF4B-00C04F79EFBC}") = "Gablarski.Clients.Windows", "src\Clients\Windows\Gablarski.Clients.Windows.csproj", "{043E20A2-310D-41C0-94BC-766E3BAACAFB}"
EndProject
Project("{FAE04EC0-301F-11D3-BF4B-00C04F79EFBC}") = "Tempest", "src\Tempest.Social\Tempest\Desktop\Tempest\Tempest.csproj", "{D6A2003C-CBB2-47B0-B306-521141D3068D}"
EndProject
Project("{FAE04EC0-301F-11D3-BF4B-00C04F79EFBC}") = "Tempest.Social", "src\Tempest.Social\Desktop\Tempest.Social\Tempest.Social.csproj", "{0569EC5A-D715-4A46-A2A5-BBE5F06F56C0}"
EndProject
Project("{FAE04EC0-301F-11D3-BF4B-00C04F79EFBC}") = "Tempest.Tests", "src\Tempest.Social\Tempest\Desktop\Tempest\Tests\Tempest.Tests.csproj", "{97D53DFA-634E-4595-9AE3-DC1BC8A5F553}"
EndProject
Project("{2150E333-8FDC-42A3-9474-1A3956D46DE8}") = "Desktop", "Desktop", "{F0097058-A528-496E-9313-C715CDBA5F99}"
EndProject
Project("{2150E333-8FDC-42A3-9474-1A3956D46DE8}") = "iOS", "iOS", "{1270A078-13BB-4ADE-BA9A-C9C08FCC6C67}"
EndProject
Project("{FAE04EC0-301F-11D3-BF4B-00C04F79EFBC}") = "Tempest.iOS", "src\Tempest.Social\Tempest\iOS\Tempest\Tempest.iOS.csproj", "{7994A7C5-FBC5-486E-A345-0B7499A34589}"
EndProject
Project("{2150E333-8FDC-42A3-9474-1A3956D46DE8}") = "Android", "Android", "{937E9E46-8356-4279-92C5-C5CAAFC90805}"
EndProject
Project("{FAE04EC0-301F-11D3-BF4B-00C04F79EFBC}") = "Tempest.Android", "src\Tempest.Social\Tempest\Android\Tempest\Tempest.Android.csproj", "{A876AF1D-C592-4A50-957D-2EB3EB4BE361}"
EndProject
Project("{FAE04EC0-301F-11D3-BF4B-00C04F79EFBC}") = "Gablarski.iOS", "src\Gablarski\Gablarski.iOS.csproj", "{3656ABB0-669B-431A-B781-FF034FACF096}"
EndProject
Project("{FAE04EC0-301F-11D3-BF4B-00C04F79EFBC}") = "Gablarski.Clients.Core.Android", "src\Gablarski.Clients.Core\Gablarski.Clients.Core.Android.csproj", "{65A1C647-1D87-48F7-A4E6-040C355A95AF}"
EndProject
Project("{FAE04EC0-301F-11D3-BF4B-00C04F79EFBC}") = "Gablarski.Android", "src\Gablarski\Gablarski.Android.csproj", "{1634FC7F-54F5-4836-8B80-B78619034809}"
EndProject
Project("{FAE04EC0-301F-11D3-BF4B-00C04F79EFBC}") = "Gablarski.Clients.Core.iOS", "src\Gablarski.Clients.Core\Gablarski.Clients.Core.iOS.csproj", "{203730E4-E74E-4D20-98D7-11464C2B2194}"
EndProject
Project("{FAE04EC0-301F-11D3-BF4B-00C04F79EFBC}") = "Gablarski.Clients.Core", "src\Gablarski.Clients.Core\Gablarski.Clients.Core.csproj", "{F8A695AA-8BC9-46D4-8B7A-BDBD7B74401F}"
EndProject
Project("{2150E333-8FDC-42A3-9474-1A3956D46DE8}") = ".nuget", ".nuget", "{59F99970-6E4D-4201-87CE-4D99D8B6A25A}"
	ProjectSection(SolutionItems) = preProject
		.nuget\NuGet.Config = .nuget\NuGet.Config
		.nuget\NuGet.exe = .nuget\NuGet.exe
		.nuget\NuGet.targets = .nuget\NuGet.targets
	EndProjectSection
EndProject
Global
	GlobalSection(SolutionConfigurationPlatforms) = preSolution
		Debug|All Platforms = Debug|All Platforms
		Debug|Android = Debug|Android
		Debug|iPhone = Debug|iPhone
		Debug|Windows = Debug|Windows
		Release|All Platforms = Release|All Platforms
		Release|Android = Release|Android
		Release|iPhone = Release|iPhone
		Release|Windows = Release|Windows
	EndGlobalSection
	GlobalSection(ProjectConfigurationPlatforms) = postSolution
		{7347052B-DA5B-4CCA-AB28-3963766E3CDB}.Debug|All Platforms.ActiveCfg = Debug|Any CPU
		{7347052B-DA5B-4CCA-AB28-3963766E3CDB}.Debug|All Platforms.Build.0 = Debug|Any CPU
		{7347052B-DA5B-4CCA-AB28-3963766E3CDB}.Debug|Android.ActiveCfg = Debug|Any CPU
		{7347052B-DA5B-4CCA-AB28-3963766E3CDB}.Debug|iPhone.ActiveCfg = Debug|Any CPU
		{7347052B-DA5B-4CCA-AB28-3963766E3CDB}.Debug|Windows.ActiveCfg = Debug|Any CPU
		{7347052B-DA5B-4CCA-AB28-3963766E3CDB}.Debug|Windows.Build.0 = Debug|Any CPU
		{7347052B-DA5B-4CCA-AB28-3963766E3CDB}.Release|All Platforms.ActiveCfg = Release|Any CPU
		{7347052B-DA5B-4CCA-AB28-3963766E3CDB}.Release|All Platforms.Build.0 = Release|Any CPU
		{7347052B-DA5B-4CCA-AB28-3963766E3CDB}.Release|Android.ActiveCfg = Release|Any CPU
		{7347052B-DA5B-4CCA-AB28-3963766E3CDB}.Release|iPhone.ActiveCfg = Release|Any CPU
		{7347052B-DA5B-4CCA-AB28-3963766E3CDB}.Release|Windows.ActiveCfg = Release|Any CPU
		{7347052B-DA5B-4CCA-AB28-3963766E3CDB}.Release|Windows.Build.0 = Release|Any CPU
		{7F9DB2AA-BA94-4C4F-9CD5-536B9B087D2E}.Debug|All Platforms.ActiveCfg = Debug|Any CPU
		{7F9DB2AA-BA94-4C4F-9CD5-536B9B087D2E}.Debug|All Platforms.Build.0 = Debug|Any CPU
		{7F9DB2AA-BA94-4C4F-9CD5-536B9B087D2E}.Debug|Android.ActiveCfg = Debug|Any CPU
		{7F9DB2AA-BA94-4C4F-9CD5-536B9B087D2E}.Debug|iPhone.ActiveCfg = Debug|Any CPU
		{7F9DB2AA-BA94-4C4F-9CD5-536B9B087D2E}.Debug|Windows.ActiveCfg = Debug|Any CPU
		{7F9DB2AA-BA94-4C4F-9CD5-536B9B087D2E}.Debug|Windows.Build.0 = Debug|Any CPU
		{7F9DB2AA-BA94-4C4F-9CD5-536B9B087D2E}.Release|All Platforms.ActiveCfg = Release|Any CPU
		{7F9DB2AA-BA94-4C4F-9CD5-536B9B087D2E}.Release|All Platforms.Build.0 = Release|Any CPU
		{7F9DB2AA-BA94-4C4F-9CD5-536B9B087D2E}.Release|Android.ActiveCfg = Release|Any CPU
		{7F9DB2AA-BA94-4C4F-9CD5-536B9B087D2E}.Release|iPhone.ActiveCfg = Release|Any CPU
		{7F9DB2AA-BA94-4C4F-9CD5-536B9B087D2E}.Release|Windows.ActiveCfg = Release|Any CPU
		{7F9DB2AA-BA94-4C4F-9CD5-536B9B087D2E}.Release|Windows.Build.0 = Release|Any CPU
		{B3605103-A797-4F0F-9C3A-8566DD13700A}.Debug|All Platforms.ActiveCfg = Debug|Any CPU
		{B3605103-A797-4F0F-9C3A-8566DD13700A}.Debug|All Platforms.Build.0 = Debug|Any CPU
		{B3605103-A797-4F0F-9C3A-8566DD13700A}.Debug|Android.ActiveCfg = Debug|Any CPU
		{B3605103-A797-4F0F-9C3A-8566DD13700A}.Debug|iPhone.ActiveCfg = Debug|Any CPU
		{B3605103-A797-4F0F-9C3A-8566DD13700A}.Debug|Windows.ActiveCfg = Debug|Any CPU
		{B3605103-A797-4F0F-9C3A-8566DD13700A}.Debug|Windows.Build.0 = Debug|Any CPU
		{B3605103-A797-4F0F-9C3A-8566DD13700A}.Release|All Platforms.ActiveCfg = Release|Any CPU
		{B3605103-A797-4F0F-9C3A-8566DD13700A}.Release|All Platforms.Build.0 = Release|Any CPU
		{B3605103-A797-4F0F-9C3A-8566DD13700A}.Release|Android.ActiveCfg = Release|Any CPU
		{B3605103-A797-4F0F-9C3A-8566DD13700A}.Release|iPhone.ActiveCfg = Release|Any CPU
		{B3605103-A797-4F0F-9C3A-8566DD13700A}.Release|Windows.ActiveCfg = Release|Any CPU
		{B3605103-A797-4F0F-9C3A-8566DD13700A}.Release|Windows.Build.0 = Release|Any CPU
		{D5FBD205-094A-46C5-88A8-16D4053733D9}.Debug|All Platforms.ActiveCfg = Debug|Any CPU
		{D5FBD205-094A-46C5-88A8-16D4053733D9}.Debug|All Platforms.Build.0 = Debug|Any CPU
		{D5FBD205-094A-46C5-88A8-16D4053733D9}.Debug|Android.ActiveCfg = Debug|Any CPU
		{D5FBD205-094A-46C5-88A8-16D4053733D9}.Debug|iPhone.ActiveCfg = Debug|Any CPU
		{D5FBD205-094A-46C5-88A8-16D4053733D9}.Debug|Windows.ActiveCfg = Debug|Any CPU
		{D5FBD205-094A-46C5-88A8-16D4053733D9}.Debug|Windows.Build.0 = Debug|Any CPU
		{D5FBD205-094A-46C5-88A8-16D4053733D9}.Release|All Platforms.ActiveCfg = Release|Any CPU
		{D5FBD205-094A-46C5-88A8-16D4053733D9}.Release|All Platforms.Build.0 = Release|Any CPU
		{D5FBD205-094A-46C5-88A8-16D4053733D9}.Release|Android.ActiveCfg = Release|Any CPU
		{D5FBD205-094A-46C5-88A8-16D4053733D9}.Release|iPhone.ActiveCfg = Release|Any CPU
		{D5FBD205-094A-46C5-88A8-16D4053733D9}.Release|Windows.ActiveCfg = Release|Any CPU
		{D5FBD205-094A-46C5-88A8-16D4053733D9}.Release|Windows.Build.0 = Release|Any CPU
		{64869D2A-B532-4586-A0AC-750FCB66C63B}.Debug|All Platforms.ActiveCfg = Debug|Any CPU
		{64869D2A-B532-4586-A0AC-750FCB66C63B}.Debug|All Platforms.Build.0 = Debug|Any CPU
		{64869D2A-B532-4586-A0AC-750FCB66C63B}.Debug|Android.ActiveCfg = Debug|Any CPU
		{64869D2A-B532-4586-A0AC-750FCB66C63B}.Debug|iPhone.ActiveCfg = Debug|Any CPU
		{64869D2A-B532-4586-A0AC-750FCB66C63B}.Debug|Windows.ActiveCfg = Debug|Any CPU
		{64869D2A-B532-4586-A0AC-750FCB66C63B}.Debug|Windows.Build.0 = Debug|Any CPU
		{64869D2A-B532-4586-A0AC-750FCB66C63B}.Release|All Platforms.ActiveCfg = Release|Any CPU
		{64869D2A-B532-4586-A0AC-750FCB66C63B}.Release|All Platforms.Build.0 = Release|Any CPU
		{64869D2A-B532-4586-A0AC-750FCB66C63B}.Release|Android.ActiveCfg = Release|Any CPU
		{64869D2A-B532-4586-A0AC-750FCB66C63B}.Release|iPhone.ActiveCfg = Release|Any CPU
		{64869D2A-B532-4586-A0AC-750FCB66C63B}.Release|Windows.ActiveCfg = Release|Any CPU
		{64869D2A-B532-4586-A0AC-750FCB66C63B}.Release|Windows.Build.0 = Release|Any CPU
		{C9DE76C5-68FC-44E1-AF63-CCE2D80BAA6C}.Debug|All Platforms.ActiveCfg = Debug|Any CPU
		{C9DE76C5-68FC-44E1-AF63-CCE2D80BAA6C}.Debug|All Platforms.Build.0 = Debug|Any CPU
		{C9DE76C5-68FC-44E1-AF63-CCE2D80BAA6C}.Debug|Android.ActiveCfg = Debug|Any CPU
		{C9DE76C5-68FC-44E1-AF63-CCE2D80BAA6C}.Debug|iPhone.ActiveCfg = Debug|Any CPU
		{C9DE76C5-68FC-44E1-AF63-CCE2D80BAA6C}.Debug|Windows.ActiveCfg = Debug|Any CPU
		{C9DE76C5-68FC-44E1-AF63-CCE2D80BAA6C}.Debug|Windows.Build.0 = Debug|Any CPU
		{C9DE76C5-68FC-44E1-AF63-CCE2D80BAA6C}.Release|All Platforms.ActiveCfg = Release|Any CPU
		{C9DE76C5-68FC-44E1-AF63-CCE2D80BAA6C}.Release|All Platforms.Build.0 = Release|Any CPU
		{C9DE76C5-68FC-44E1-AF63-CCE2D80BAA6C}.Release|Android.ActiveCfg = Release|Any CPU
		{C9DE76C5-68FC-44E1-AF63-CCE2D80BAA6C}.Release|iPhone.ActiveCfg = Release|Any CPU
		{C9DE76C5-68FC-44E1-AF63-CCE2D80BAA6C}.Release|Windows.ActiveCfg = Release|Any CPU
		{C9DE76C5-68FC-44E1-AF63-CCE2D80BAA6C}.Release|Windows.Build.0 = Release|Any CPU
		{542BFF13-39BF-456B-B36F-7F65C6AE0830}.Debug|All Platforms.ActiveCfg = Debug|Any CPU
		{542BFF13-39BF-456B-B36F-7F65C6AE0830}.Debug|All Platforms.Build.0 = Debug|Any CPU
		{542BFF13-39BF-456B-B36F-7F65C6AE0830}.Debug|Android.ActiveCfg = Debug|Any CPU
		{542BFF13-39BF-456B-B36F-7F65C6AE0830}.Debug|iPhone.ActiveCfg = Debug|Any CPU
		{542BFF13-39BF-456B-B36F-7F65C6AE0830}.Debug|Windows.ActiveCfg = Debug|Any CPU
		{542BFF13-39BF-456B-B36F-7F65C6AE0830}.Debug|Windows.Build.0 = Debug|Any CPU
		{542BFF13-39BF-456B-B36F-7F65C6AE0830}.Release|All Platforms.ActiveCfg = Release|Any CPU
		{542BFF13-39BF-456B-B36F-7F65C6AE0830}.Release|All Platforms.Build.0 = Release|Any CPU
		{542BFF13-39BF-456B-B36F-7F65C6AE0830}.Release|Android.ActiveCfg = Release|Any CPU
		{542BFF13-39BF-456B-B36F-7F65C6AE0830}.Release|iPhone.ActiveCfg = Release|Any CPU
		{542BFF13-39BF-456B-B36F-7F65C6AE0830}.Release|Windows.ActiveCfg = Release|Any CPU
		{542BFF13-39BF-456B-B36F-7F65C6AE0830}.Release|Windows.Build.0 = Release|Any CPU
		{29A83468-C6AB-4485-BD35-F5BD8FEB8C2E}.Debug|All Platforms.ActiveCfg = Debug|Any CPU
		{29A83468-C6AB-4485-BD35-F5BD8FEB8C2E}.Debug|All Platforms.Build.0 = Debug|Any CPU
		{29A83468-C6AB-4485-BD35-F5BD8FEB8C2E}.Debug|Android.ActiveCfg = Debug|Any CPU
		{29A83468-C6AB-4485-BD35-F5BD8FEB8C2E}.Debug|iPhone.ActiveCfg = Debug|Any CPU
		{29A83468-C6AB-4485-BD35-F5BD8FEB8C2E}.Debug|Windows.ActiveCfg = Debug|Any CPU
		{29A83468-C6AB-4485-BD35-F5BD8FEB8C2E}.Debug|Windows.Build.0 = Debug|Any CPU
		{29A83468-C6AB-4485-BD35-F5BD8FEB8C2E}.Release|All Platforms.ActiveCfg = Release|Any CPU
		{29A83468-C6AB-4485-BD35-F5BD8FEB8C2E}.Release|All Platforms.Build.0 = Release|Any CPU
		{29A83468-C6AB-4485-BD35-F5BD8FEB8C2E}.Release|Android.ActiveCfg = Release|Any CPU
		{29A83468-C6AB-4485-BD35-F5BD8FEB8C2E}.Release|iPhone.ActiveCfg = Release|Any CPU
		{29A83468-C6AB-4485-BD35-F5BD8FEB8C2E}.Release|Windows.ActiveCfg = Release|Any CPU
		{29A83468-C6AB-4485-BD35-F5BD8FEB8C2E}.Release|Windows.Build.0 = Release|Any CPU
		{4B71AD86-B6E7-4833-82B0-3CF38A128984}.Debug|All Platforms.ActiveCfg = Debug|Any CPU
		{4B71AD86-B6E7-4833-82B0-3CF38A128984}.Debug|All Platforms.Build.0 = Debug|Any CPU
		{4B71AD86-B6E7-4833-82B0-3CF38A128984}.Debug|Android.ActiveCfg = Debug|Any CPU
		{4B71AD86-B6E7-4833-82B0-3CF38A128984}.Debug|iPhone.ActiveCfg = Debug|Any CPU
		{4B71AD86-B6E7-4833-82B0-3CF38A128984}.Debug|Windows.ActiveCfg = Debug|Any CPU
		{4B71AD86-B6E7-4833-82B0-3CF38A128984}.Debug|Windows.Build.0 = Debug|Any CPU
		{4B71AD86-B6E7-4833-82B0-3CF38A128984}.Release|All Platforms.ActiveCfg = Release|Any CPU
		{4B71AD86-B6E7-4833-82B0-3CF38A128984}.Release|All Platforms.Build.0 = Release|Any CPU
		{4B71AD86-B6E7-4833-82B0-3CF38A128984}.Release|Android.ActiveCfg = Release|Any CPU
		{4B71AD86-B6E7-4833-82B0-3CF38A128984}.Release|iPhone.ActiveCfg = Release|Any CPU
		{4B71AD86-B6E7-4833-82B0-3CF38A128984}.Release|Windows.ActiveCfg = Release|Any CPU
		{4B71AD86-B6E7-4833-82B0-3CF38A128984}.Release|Windows.Build.0 = Release|Any CPU
		{DABD979A-6930-4250-A770-E746736F4AAF}.Debug|All Platforms.ActiveCfg = Debug|x86
		{DABD979A-6930-4250-A770-E746736F4AAF}.Debug|All Platforms.Build.0 = Debug|x86
		{DABD979A-6930-4250-A770-E746736F4AAF}.Debug|Android.ActiveCfg = Debug|x86
		{DABD979A-6930-4250-A770-E746736F4AAF}.Debug|iPhone.ActiveCfg = Debug|x86
		{DABD979A-6930-4250-A770-E746736F4AAF}.Debug|Windows.ActiveCfg = Debug|x86
		{DABD979A-6930-4250-A770-E746736F4AAF}.Debug|Windows.Build.0 = Debug|x86
		{DABD979A-6930-4250-A770-E746736F4AAF}.Release|All Platforms.ActiveCfg = Release|x86
		{DABD979A-6930-4250-A770-E746736F4AAF}.Release|All Platforms.Build.0 = Release|x86
		{DABD979A-6930-4250-A770-E746736F4AAF}.Release|Android.ActiveCfg = Release|x86
		{DABD979A-6930-4250-A770-E746736F4AAF}.Release|iPhone.ActiveCfg = Release|x86
		{DABD979A-6930-4250-A770-E746736F4AAF}.Release|Windows.ActiveCfg = Release|x86
		{DABD979A-6930-4250-A770-E746736F4AAF}.Release|Windows.Build.0 = Release|x86
		{30C9010C-4948-4E83-B73B-04EB92A134FC}.Debug|All Platforms.ActiveCfg = Debug|Any CPU
		{30C9010C-4948-4E83-B73B-04EB92A134FC}.Debug|All Platforms.Build.0 = Debug|Any CPU
		{30C9010C-4948-4E83-B73B-04EB92A134FC}.Debug|Android.ActiveCfg = Debug|Any CPU
		{30C9010C-4948-4E83-B73B-04EB92A134FC}.Debug|iPhone.ActiveCfg = Debug|Any CPU
		{30C9010C-4948-4E83-B73B-04EB92A134FC}.Debug|Windows.ActiveCfg = Debug|Any CPU
		{30C9010C-4948-4E83-B73B-04EB92A134FC}.Debug|Windows.Build.0 = Debug|Any CPU
		{30C9010C-4948-4E83-B73B-04EB92A134FC}.Release|All Platforms.ActiveCfg = Release|Any CPU
		{30C9010C-4948-4E83-B73B-04EB92A134FC}.Release|All Platforms.Build.0 = Release|Any CPU
		{30C9010C-4948-4E83-B73B-04EB92A134FC}.Release|Android.ActiveCfg = Release|Any CPU
		{30C9010C-4948-4E83-B73B-04EB92A134FC}.Release|iPhone.ActiveCfg = Release|Any CPU
		{30C9010C-4948-4E83-B73B-04EB92A134FC}.Release|Windows.ActiveCfg = Release|Any CPU
		{30C9010C-4948-4E83-B73B-04EB92A134FC}.Release|Windows.Build.0 = Release|Any CPU
		{043E20A2-310D-41C0-94BC-766E3BAACAFB}.Debug|All Platforms.ActiveCfg = Debug|x86
		{043E20A2-310D-41C0-94BC-766E3BAACAFB}.Debug|All Platforms.Build.0 = Debug|x86
		{043E20A2-310D-41C0-94BC-766E3BAACAFB}.Debug|Android.ActiveCfg = Debug|x86
		{043E20A2-310D-41C0-94BC-766E3BAACAFB}.Debug|iPhone.ActiveCfg = Debug|x86
		{043E20A2-310D-41C0-94BC-766E3BAACAFB}.Debug|Windows.ActiveCfg = Debug|x86
		{043E20A2-310D-41C0-94BC-766E3BAACAFB}.Debug|Windows.Build.0 = Debug|x86
		{043E20A2-310D-41C0-94BC-766E3BAACAFB}.Release|All Platforms.ActiveCfg = Release|x86
		{043E20A2-310D-41C0-94BC-766E3BAACAFB}.Release|All Platforms.Build.0 = Release|x86
		{043E20A2-310D-41C0-94BC-766E3BAACAFB}.Release|Android.ActiveCfg = Release|x86
		{043E20A2-310D-41C0-94BC-766E3BAACAFB}.Release|iPhone.ActiveCfg = Release|x86
		{043E20A2-310D-41C0-94BC-766E3BAACAFB}.Release|Windows.ActiveCfg = Release|x86
		{043E20A2-310D-41C0-94BC-766E3BAACAFB}.Release|Windows.Build.0 = Release|x86
		{D6A2003C-CBB2-47B0-B306-521141D3068D}.Debug|All Platforms.ActiveCfg = Debug|Any CPU
		{D6A2003C-CBB2-47B0-B306-521141D3068D}.Debug|All Platforms.Build.0 = Debug|Any CPU
		{D6A2003C-CBB2-47B0-B306-521141D3068D}.Debug|Android.ActiveCfg = Debug|Any CPU
		{D6A2003C-CBB2-47B0-B306-521141D3068D}.Debug|iPhone.ActiveCfg = Debug|Any CPU
		{D6A2003C-CBB2-47B0-B306-521141D3068D}.Debug|Windows.ActiveCfg = Debug|Any CPU
		{D6A2003C-CBB2-47B0-B306-521141D3068D}.Debug|Windows.Build.0 = Debug|Any CPU
		{D6A2003C-CBB2-47B0-B306-521141D3068D}.Release|All Platforms.ActiveCfg = Release|Any CPU
		{D6A2003C-CBB2-47B0-B306-521141D3068D}.Release|All Platforms.Build.0 = Release|Any CPU
		{D6A2003C-CBB2-47B0-B306-521141D3068D}.Release|Android.ActiveCfg = Release|Any CPU
		{D6A2003C-CBB2-47B0-B306-521141D3068D}.Release|iPhone.ActiveCfg = Release|Any CPU
		{D6A2003C-CBB2-47B0-B306-521141D3068D}.Release|Windows.ActiveCfg = Release|Any CPU
		{D6A2003C-CBB2-47B0-B306-521141D3068D}.Release|Windows.Build.0 = Release|Any CPU
		{0569EC5A-D715-4A46-A2A5-BBE5F06F56C0}.Debug|All Platforms.ActiveCfg = Debug|Any CPU
		{0569EC5A-D715-4A46-A2A5-BBE5F06F56C0}.Debug|All Platforms.Build.0 = Debug|Any CPU
		{0569EC5A-D715-4A46-A2A5-BBE5F06F56C0}.Debug|Android.ActiveCfg = Debug|Any CPU
		{0569EC5A-D715-4A46-A2A5-BBE5F06F56C0}.Debug|iPhone.ActiveCfg = Debug|Any CPU
		{0569EC5A-D715-4A46-A2A5-BBE5F06F56C0}.Debug|Windows.ActiveCfg = Debug|Any CPU
		{0569EC5A-D715-4A46-A2A5-BBE5F06F56C0}.Debug|Windows.Build.0 = Debug|Any CPU
		{0569EC5A-D715-4A46-A2A5-BBE5F06F56C0}.Release|All Platforms.ActiveCfg = Release|Any CPU
		{0569EC5A-D715-4A46-A2A5-BBE5F06F56C0}.Release|All Platforms.Build.0 = Release|Any CPU
		{0569EC5A-D715-4A46-A2A5-BBE5F06F56C0}.Release|Android.ActiveCfg = Release|Any CPU
		{0569EC5A-D715-4A46-A2A5-BBE5F06F56C0}.Release|iPhone.ActiveCfg = Release|Any CPU
		{0569EC5A-D715-4A46-A2A5-BBE5F06F56C0}.Release|Windows.ActiveCfg = Release|Any CPU
		{0569EC5A-D715-4A46-A2A5-BBE5F06F56C0}.Release|Windows.Build.0 = Release|Any CPU
		{97D53DFA-634E-4595-9AE3-DC1BC8A5F553}.Debug|All Platforms.ActiveCfg = Debug|Any CPU
		{97D53DFA-634E-4595-9AE3-DC1BC8A5F553}.Debug|All Platforms.Build.0 = Debug|Any CPU
		{97D53DFA-634E-4595-9AE3-DC1BC8A5F553}.Debug|Android.ActiveCfg = Debug|Any CPU
		{97D53DFA-634E-4595-9AE3-DC1BC8A5F553}.Debug|iPhone.ActiveCfg = Debug|Any CPU
		{97D53DFA-634E-4595-9AE3-DC1BC8A5F553}.Debug|Windows.ActiveCfg = Debug|Any CPU
		{97D53DFA-634E-4595-9AE3-DC1BC8A5F553}.Debug|Windows.Build.0 = Debug|Any CPU
		{97D53DFA-634E-4595-9AE3-DC1BC8A5F553}.Release|All Platforms.ActiveCfg = Release|Any CPU
		{97D53DFA-634E-4595-9AE3-DC1BC8A5F553}.Release|All Platforms.Build.0 = Release|Any CPU
		{97D53DFA-634E-4595-9AE3-DC1BC8A5F553}.Release|Android.ActiveCfg = Release|Any CPU
		{97D53DFA-634E-4595-9AE3-DC1BC8A5F553}.Release|iPhone.ActiveCfg = Release|Any CPU
		{97D53DFA-634E-4595-9AE3-DC1BC8A5F553}.Release|Windows.ActiveCfg = Release|Any CPU
		{97D53DFA-634E-4595-9AE3-DC1BC8A5F553}.Release|Windows.Build.0 = Release|Any CPU
		{7994A7C5-FBC5-486E-A345-0B7499A34589}.Debug|All Platforms.ActiveCfg = Debug|iPhone
		{7994A7C5-FBC5-486E-A345-0B7499A34589}.Debug|All Platforms.Build.0 = Debug|iPhone
		{7994A7C5-FBC5-486E-A345-0B7499A34589}.Debug|Android.ActiveCfg = Debug|iPhone
		{7994A7C5-FBC5-486E-A345-0B7499A34589}.Debug|iPhone.ActiveCfg = Debug|iPhone
		{7994A7C5-FBC5-486E-A345-0B7499A34589}.Debug|iPhone.Build.0 = Debug|iPhone
		{7994A7C5-FBC5-486E-A345-0B7499A34589}.Debug|Windows.ActiveCfg = Debug|iPhone
		{7994A7C5-FBC5-486E-A345-0B7499A34589}.Release|All Platforms.ActiveCfg = Release|iPhone
		{7994A7C5-FBC5-486E-A345-0B7499A34589}.Release|All Platforms.Build.0 = Release|iPhone
		{7994A7C5-FBC5-486E-A345-0B7499A34589}.Release|Android.ActiveCfg = Release|iPhone
		{7994A7C5-FBC5-486E-A345-0B7499A34589}.Release|iPhone.ActiveCfg = Release|iPhone
		{7994A7C5-FBC5-486E-A345-0B7499A34589}.Release|iPhone.Build.0 = Release|iPhone
		{7994A7C5-FBC5-486E-A345-0B7499A34589}.Release|Windows.ActiveCfg = Release|iPhone
		{A876AF1D-C592-4A50-957D-2EB3EB4BE361}.Debug|All Platforms.ActiveCfg = Debug|Any CPU
		{A876AF1D-C592-4A50-957D-2EB3EB4BE361}.Debug|All Platforms.Build.0 = Debug|Any CPU
		{A876AF1D-C592-4A50-957D-2EB3EB4BE361}.Debug|Android.ActiveCfg = Debug|Any CPU
		{A876AF1D-C592-4A50-957D-2EB3EB4BE361}.Debug|Android.Build.0 = Debug|Any CPU
		{A876AF1D-C592-4A50-957D-2EB3EB4BE361}.Debug|iPhone.ActiveCfg = Debug|Any CPU
		{A876AF1D-C592-4A50-957D-2EB3EB4BE361}.Debug|Windows.ActiveCfg = Debug|Any CPU
		{A876AF1D-C592-4A50-957D-2EB3EB4BE361}.Release|All Platforms.ActiveCfg = Release|Any CPU
		{A876AF1D-C592-4A50-957D-2EB3EB4BE361}.Release|All Platforms.Build.0 = Release|Any CPU
		{A876AF1D-C592-4A50-957D-2EB3EB4BE361}.Release|Android.ActiveCfg = Release|Any CPU
		{A876AF1D-C592-4A50-957D-2EB3EB4BE361}.Release|Android.Build.0 = Release|Any CPU
		{A876AF1D-C592-4A50-957D-2EB3EB4BE361}.Release|iPhone.ActiveCfg = Release|Any CPU
		{A876AF1D-C592-4A50-957D-2EB3EB4BE361}.Release|Windows.ActiveCfg = Release|Any CPU
		{3656ABB0-669B-431A-B781-FF034FACF096}.Debug|All Platforms.ActiveCfg = Debug|Any CPU
		{3656ABB0-669B-431A-B781-FF034FACF096}.Debug|All Platforms.Build.0 = Debug|Any CPU
		{3656ABB0-669B-431A-B781-FF034FACF096}.Debug|Android.ActiveCfg = Debug|Any CPU
		{3656ABB0-669B-431A-B781-FF034FACF096}.Debug|iPhone.ActiveCfg = Debug|Any CPU
		{3656ABB0-669B-431A-B781-FF034FACF096}.Debug|iPhone.Build.0 = Debug|Any CPU
		{3656ABB0-669B-431A-B781-FF034FACF096}.Debug|Windows.ActiveCfg = Debug|Any CPU
		{3656ABB0-669B-431A-B781-FF034FACF096}.Release|All Platforms.ActiveCfg = Release|Any CPU
		{3656ABB0-669B-431A-B781-FF034FACF096}.Release|All Platforms.Build.0 = Release|Any CPU
		{3656ABB0-669B-431A-B781-FF034FACF096}.Release|Android.ActiveCfg = Release|Any CPU
		{3656ABB0-669B-431A-B781-FF034FACF096}.Release|iPhone.ActiveCfg = Release|Any CPU
		{3656ABB0-669B-431A-B781-FF034FACF096}.Release|iPhone.Build.0 = Release|Any CPU
		{3656ABB0-669B-431A-B781-FF034FACF096}.Release|Windows.ActiveCfg = Release|Any CPU
		{65A1C647-1D87-48F7-A4E6-040C355A95AF}.Debug|All Platforms.ActiveCfg = Debug|Any CPU
		{65A1C647-1D87-48F7-A4E6-040C355A95AF}.Debug|All Platforms.Build.0 = Debug|Any CPU
		{65A1C647-1D87-48F7-A4E6-040C355A95AF}.Debug|Android.ActiveCfg = Debug|Any CPU
		{65A1C647-1D87-48F7-A4E6-040C355A95AF}.Debug|Android.Build.0 = Debug|Any CPU
		{65A1C647-1D87-48F7-A4E6-040C355A95AF}.Debug|iPhone.ActiveCfg = Debug|Any CPU
		{65A1C647-1D87-48F7-A4E6-040C355A95AF}.Debug|Windows.ActiveCfg = Debug|Any CPU
		{65A1C647-1D87-48F7-A4E6-040C355A95AF}.Release|All Platforms.ActiveCfg = Release|Any CPU
		{65A1C647-1D87-48F7-A4E6-040C355A95AF}.Release|All Platforms.Build.0 = Release|Any CPU
		{65A1C647-1D87-48F7-A4E6-040C355A95AF}.Release|Android.ActiveCfg = Release|Any CPU
		{65A1C647-1D87-48F7-A4E6-040C355A95AF}.Release|Android.Build.0 = Release|Any CPU
		{65A1C647-1D87-48F7-A4E6-040C355A95AF}.Release|iPhone.ActiveCfg = Release|Any CPU
		{65A1C647-1D87-48F7-A4E6-040C355A95AF}.Release|Windows.ActiveCfg = Release|Any CPU
		{1634FC7F-54F5-4836-8B80-B78619034809}.Debug|All Platforms.ActiveCfg = Debug|Any CPU
		{1634FC7F-54F5-4836-8B80-B78619034809}.Debug|All Platforms.Build.0 = Debug|Any CPU
		{1634FC7F-54F5-4836-8B80-B78619034809}.Debug|Android.ActiveCfg = Debug|Any CPU
		{1634FC7F-54F5-4836-8B80-B78619034809}.Debug|Android.Build.0 = Debug|Any CPU
		{1634FC7F-54F5-4836-8B80-B78619034809}.Debug|iPhone.ActiveCfg = Debug|Any CPU
		{1634FC7F-54F5-4836-8B80-B78619034809}.Debug|Windows.ActiveCfg = Debug|Any CPU
		{1634FC7F-54F5-4836-8B80-B78619034809}.Release|All Platforms.ActiveCfg = Release|Any CPU
		{1634FC7F-54F5-4836-8B80-B78619034809}.Release|All Platforms.Build.0 = Release|Any CPU
		{1634FC7F-54F5-4836-8B80-B78619034809}.Release|Android.ActiveCfg = Release|Any CPU
		{1634FC7F-54F5-4836-8B80-B78619034809}.Release|Android.Build.0 = Release|Any CPU
		{1634FC7F-54F5-4836-8B80-B78619034809}.Release|iPhone.ActiveCfg = Release|Any CPU
		{1634FC7F-54F5-4836-8B80-B78619034809}.Release|Windows.ActiveCfg = Release|Any CPU
		{203730E4-E74E-4D20-98D7-11464C2B2194}.Debug|All Platforms.ActiveCfg = Debug|Any CPU
		{203730E4-E74E-4D20-98D7-11464C2B2194}.Debug|Android.ActiveCfg = Debug|Any CPU
		{203730E4-E74E-4D20-98D7-11464C2B2194}.Debug|iPhone.ActiveCfg = Debug|Any CPU
		{203730E4-E74E-4D20-98D7-11464C2B2194}.Debug|Windows.ActiveCfg = Debug|Any CPU
		{203730E4-E74E-4D20-98D7-11464C2B2194}.Release|All Platforms.ActiveCfg = Release|Any CPU
		{203730E4-E74E-4D20-98D7-11464C2B2194}.Release|Android.ActiveCfg = Release|Any CPU
		{203730E4-E74E-4D20-98D7-11464C2B2194}.Release|iPhone.ActiveCfg = Release|Any CPU
		{203730E4-E74E-4D20-98D7-11464C2B2194}.Release|Windows.ActiveCfg = Release|Any CPU
		{F8A695AA-8BC9-46D4-8B7A-BDBD7B74401F}.Debug|All Platforms.ActiveCfg = Debug|Any CPU
		{F8A695AA-8BC9-46D4-8B7A-BDBD7B74401F}.Debug|Android.ActiveCfg = Debug|Any CPU
		{F8A695AA-8BC9-46D4-8B7A-BDBD7B74401F}.Debug|iPhone.ActiveCfg = Debug|Any CPU
		{F8A695AA-8BC9-46D4-8B7A-BDBD7B74401F}.Debug|Windows.ActiveCfg = Debug|Any CPU
		{F8A695AA-8BC9-46D4-8B7A-BDBD7B74401F}.Debug|Windows.Build.0 = Debug|Any CPU
		{F8A695AA-8BC9-46D4-8B7A-BDBD7B74401F}.Release|All Platforms.ActiveCfg = Release|Any CPU
		{F8A695AA-8BC9-46D4-8B7A-BDBD7B74401F}.Release|Android.ActiveCfg = Release|Any CPU
		{F8A695AA-8BC9-46D4-8B7A-BDBD7B74401F}.Release|iPhone.ActiveCfg = Release|Any CPU
		{F8A695AA-8BC9-46D4-8B7A-BDBD7B74401F}.Release|Windows.ActiveCfg = Release|Any CPU
		{F8A695AA-8BC9-46D4-8B7A-BDBD7B74401F}.Release|Windows.Build.0 = Release|Any CPU
	EndGlobalSection
	GlobalSection(SolutionProperties) = preSolution
		HideSolutionNode = FALSE
	EndGlobalSection
	GlobalSection(NestedProjects) = preSolution
		{7F9DB2AA-BA94-4C4F-9CD5-536B9B087D2E} = {F0097058-A528-496E-9313-C715CDBA5F99}
		{B3605103-A797-4F0F-9C3A-8566DD13700A} = {F0097058-A528-496E-9313-C715CDBA5F99}
		{D5FBD205-094A-46C5-88A8-16D4053733D9} = {F0097058-A528-496E-9313-C715CDBA5F99}
		{64869D2A-B532-4586-A0AC-750FCB66C63B} = {F0097058-A528-496E-9313-C715CDBA5F99}
		{C9DE76C5-68FC-44E1-AF63-CCE2D80BAA6C} = {F0097058-A528-496E-9313-C715CDBA5F99}
		{542BFF13-39BF-456B-B36F-7F65C6AE0830} = {F0097058-A528-496E-9313-C715CDBA5F99}
		{29A83468-C6AB-4485-BD35-F5BD8FEB8C2E} = {F0097058-A528-496E-9313-C715CDBA5F99}
		{4B71AD86-B6E7-4833-82B0-3CF38A128984} = {F0097058-A528-496E-9313-C715CDBA5F99}
		{DABD979A-6930-4250-A770-E746736F4AAF} = {F0097058-A528-496E-9313-C715CDBA5F99}
		{30C9010C-4948-4E83-B73B-04EB92A134FC} = {F0097058-A528-496E-9313-C715CDBA5F99}
		{043E20A2-310D-41C0-94BC-766E3BAACAFB} = {F0097058-A528-496E-9313-C715CDBA5F99}
		{D6A2003C-CBB2-47B0-B306-521141D3068D} = {F0097058-A528-496E-9313-C715CDBA5F99}
		{0569EC5A-D715-4A46-A2A5-BBE5F06F56C0} = {F0097058-A528-496E-9313-C715CDBA5F99}
		{97D53DFA-634E-4595-9AE3-DC1BC8A5F553} = {F0097058-A528-496E-9313-C715CDBA5F99}
		{7347052B-DA5B-4CCA-AB28-3963766E3CDB} = {F0097058-A528-496E-9313-C715CDBA5F99}
		{F8A695AA-8BC9-46D4-8B7A-BDBD7B74401F} = {F0097058-A528-496E-9313-C715CDBA5F99}
		{7994A7C5-FBC5-486E-A345-0B7499A34589} = {1270A078-13BB-4ADE-BA9A-C9C08FCC6C67}
		{3656ABB0-669B-431A-B781-FF034FACF096} = {1270A078-13BB-4ADE-BA9A-C9C08FCC6C67}
		{203730E4-E74E-4D20-98D7-11464C2B2194} = {1270A078-13BB-4ADE-BA9A-C9C08FCC6C67}
		{A876AF1D-C592-4A50-957D-2EB3EB4BE361} = {937E9E46-8356-4279-92C5-C5CAAFC90805}
		{65A1C647-1D87-48F7-A4E6-040C355A95AF} = {937E9E46-8356-4279-92C5-C5CAAFC90805}
		{1634FC7F-54F5-4836-8B80-B78619034809} = {937E9E46-8356-4279-92C5-C5CAAFC90805}
	EndGlobalSection
EndGlobal
