Microsoft Visual Studio Solution File, Format Version 10.00
# Visual Studio 2008
Project("{FAE04EC0-301F-11D3-BF4B-00C04F79EFBC}") = "Gablarski", "Gablarski\Gablarski.csproj", "{7347052B-DA5B-4CCA-AB28-3963766E3CDB}"
EndProject
Project("{2150E333-8FDC-42A3-9474-1A3956D46DE8}") = "Solution Items", "Solution Items", "{6A109469-1A29-4967-BB7A-B9DEDD48C4A5}"
	ProjectSection(SolutionItems) = preProject
		debug.build = debug.build
	EndProjectSection
EndProject
Project("{FAE04EC0-301F-11D3-BF4B-00C04F79EFBC}") = "Gablarski.Clients.CLI", "Clients\CLI\Gablarski.Clients.CLI.csproj", "{DABD979A-6930-4250-A770-E746736F4AAF}"
	ProjectSection(ProjectDependencies) = postProject
		{11487129-A8DB-4818-B4AA-236E8CDD92CC} = {11487129-A8DB-4818-B4AA-236E8CDD92CC}
	EndProjectSection
EndProject
Project("{FAE04EC0-301F-11D3-BF4B-00C04F79EFBC}") = "Gablarski.Tests", "Gablarski.Tests\Gablarski.Tests.csproj", "{7F9DB2AA-BA94-4C4F-9CD5-536B9B087D2E}"
EndProject
Project("{FAE04EC0-301F-11D3-BF4B-00C04F79EFBC}") = "Mono.Rocks", "Mono.Rocks\Mono.Rocks.csproj", "{F656F792-2CDE-4E17-BB5F-6A6F1C266CB8}"
EndProject
Project("{FAE04EC0-301F-11D3-BF4B-00C04F79EFBC}") = "FluentNHibernate", "fluent-nhibernate\src\FluentNHibernate\FluentNHibernate.csproj", "{529145D5-6CC3-4016-89B5-826563024AF1}"
EndProject
Project("{FAE04EC0-301F-11D3-BF4B-00C04F79EFBC}") = "Gablarski.Clients.Windows", "Clients\Windows\Gablarski.Clients.Windows.csproj", "{043E20A2-310D-41C0-94BC-766E3BAACAFB}"
EndProject
Project("{FAE04EC0-301F-11D3-BF4B-00C04F79EFBC}") = "Gablarski.WebServer", "Gablarski.WebServer\Gablarski.WebServer.csproj", "{11487129-A8DB-4818-B4AA-236E8CDD92CC}"
EndProject
Global
	GlobalSection(SolutionConfigurationPlatforms) = preSolution
		Debug|Any CPU = Debug|Any CPU
		Debug|x64 = Debug|x64
		Release|Any CPU = Release|Any CPU
		Release|x64 = Release|x64
	EndGlobalSection
	GlobalSection(ProjectConfigurationPlatforms) = postSolution
		{7347052B-DA5B-4CCA-AB28-3963766E3CDB}.Debug|Any CPU.ActiveCfg = Debug|Any CPU
		{7347052B-DA5B-4CCA-AB28-3963766E3CDB}.Debug|Any CPU.Build.0 = Debug|Any CPU
		{7347052B-DA5B-4CCA-AB28-3963766E3CDB}.Debug|x64.ActiveCfg = Debug|Any CPU
		{7347052B-DA5B-4CCA-AB28-3963766E3CDB}.Debug|x64.Build.0 = Debug|Any CPU
		{7347052B-DA5B-4CCA-AB28-3963766E3CDB}.Release|Any CPU.ActiveCfg = Release|Any CPU
		{7347052B-DA5B-4CCA-AB28-3963766E3CDB}.Release|Any CPU.Build.0 = Release|Any CPU
		{7347052B-DA5B-4CCA-AB28-3963766E3CDB}.Release|x64.ActiveCfg = Release|Any CPU
		{7347052B-DA5B-4CCA-AB28-3963766E3CDB}.Release|x64.Build.0 = Release|Any CPU
		{DABD979A-6930-4250-A770-E746736F4AAF}.Debug|Any CPU.ActiveCfg = Debug|x86
		{DABD979A-6930-4250-A770-E746736F4AAF}.Debug|Any CPU.Build.0 = Debug|x86
		{DABD979A-6930-4250-A770-E746736F4AAF}.Debug|x64.ActiveCfg = Debug|x64
		{DABD979A-6930-4250-A770-E746736F4AAF}.Debug|x64.Build.0 = Debug|x64
		{DABD979A-6930-4250-A770-E746736F4AAF}.Release|Any CPU.ActiveCfg = Release|x86
		{DABD979A-6930-4250-A770-E746736F4AAF}.Release|Any CPU.Build.0 = Release|x86
		{DABD979A-6930-4250-A770-E746736F4AAF}.Release|x64.ActiveCfg = Release|x86
		{DABD979A-6930-4250-A770-E746736F4AAF}.Release|x64.Build.0 = Release|x86
		{7F9DB2AA-BA94-4C4F-9CD5-536B9B087D2E}.Debug|Any CPU.ActiveCfg = Debug|Any CPU
		{7F9DB2AA-BA94-4C4F-9CD5-536B9B087D2E}.Debug|Any CPU.Build.0 = Debug|Any CPU
		{7F9DB2AA-BA94-4C4F-9CD5-536B9B087D2E}.Debug|x64.ActiveCfg = Debug|Any CPU
		{7F9DB2AA-BA94-4C4F-9CD5-536B9B087D2E}.Debug|x64.Build.0 = Debug|Any CPU
		{7F9DB2AA-BA94-4C4F-9CD5-536B9B087D2E}.Release|Any CPU.ActiveCfg = Release|Any CPU
		{7F9DB2AA-BA94-4C4F-9CD5-536B9B087D2E}.Release|Any CPU.Build.0 = Release|Any CPU
		{7F9DB2AA-BA94-4C4F-9CD5-536B9B087D2E}.Release|x64.ActiveCfg = Release|Any CPU
		{7F9DB2AA-BA94-4C4F-9CD5-536B9B087D2E}.Release|x64.Build.0 = Release|Any CPU
		{F656F792-2CDE-4E17-BB5F-6A6F1C266CB8}.Debug|Any CPU.ActiveCfg = Debug|Any CPU
		{F656F792-2CDE-4E17-BB5F-6A6F1C266CB8}.Debug|Any CPU.Build.0 = Debug|Any CPU
		{F656F792-2CDE-4E17-BB5F-6A6F1C266CB8}.Debug|x64.ActiveCfg = Debug|Any CPU
		{F656F792-2CDE-4E17-BB5F-6A6F1C266CB8}.Debug|x64.Build.0 = Debug|Any CPU
		{F656F792-2CDE-4E17-BB5F-6A6F1C266CB8}.Release|Any CPU.ActiveCfg = Release|Any CPU
		{F656F792-2CDE-4E17-BB5F-6A6F1C266CB8}.Release|Any CPU.Build.0 = Release|Any CPU
		{F656F792-2CDE-4E17-BB5F-6A6F1C266CB8}.Release|x64.ActiveCfg = Release|Any CPU
		{529145D5-6CC3-4016-89B5-826563024AF1}.Debug|Any CPU.ActiveCfg = Debug|Any CPU
		{529145D5-6CC3-4016-89B5-826563024AF1}.Debug|Any CPU.Build.0 = Debug|Any CPU
		{529145D5-6CC3-4016-89B5-826563024AF1}.Debug|x64.ActiveCfg = Debug|Any CPU
		{529145D5-6CC3-4016-89B5-826563024AF1}.Debug|x64.Build.0 = Debug|Any CPU
		{529145D5-6CC3-4016-89B5-826563024AF1}.Release|Any CPU.ActiveCfg = Release|Any CPU
		{529145D5-6CC3-4016-89B5-826563024AF1}.Release|Any CPU.Build.0 = Release|Any CPU
		{529145D5-6CC3-4016-89B5-826563024AF1}.Release|x64.ActiveCfg = Release|Any CPU
		{043E20A2-310D-41C0-94BC-766E3BAACAFB}.Debug|Any CPU.ActiveCfg = Debug|x86
		{043E20A2-310D-41C0-94BC-766E3BAACAFB}.Debug|Any CPU.Build.0 = Debug|x86
		{043E20A2-310D-41C0-94BC-766E3BAACAFB}.Debug|x64.ActiveCfg = Debug|x64
		{043E20A2-310D-41C0-94BC-766E3BAACAFB}.Debug|x64.Build.0 = Debug|x64
		{043E20A2-310D-41C0-94BC-766E3BAACAFB}.Release|Any CPU.ActiveCfg = Release|x86
		{043E20A2-310D-41C0-94BC-766E3BAACAFB}.Release|x64.ActiveCfg = Release|x64
		{043E20A2-310D-41C0-94BC-766E3BAACAFB}.Release|x64.Build.0 = Release|x64
		{11487129-A8DB-4818-B4AA-236E8CDD92CC}.Debug|Any CPU.ActiveCfg = Debug|x86
		{11487129-A8DB-4818-B4AA-236E8CDD92CC}.Debug|Any CPU.Build.0 = Debug|x86
		{11487129-A8DB-4818-B4AA-236E8CDD92CC}.Debug|x64.ActiveCfg = Debug|x86
		{11487129-A8DB-4818-B4AA-236E8CDD92CC}.Release|Any CPU.ActiveCfg = Release|x86
		{11487129-A8DB-4818-B4AA-236E8CDD92CC}.Release|x64.ActiveCfg = Release|x86
	EndGlobalSection
	GlobalSection(SolutionProperties) = preSolution
		HideSolutionNode = FALSE
	EndGlobalSection
EndGlobal
