
Microsoft Visual Studio Solution File, Format Version 11.00
# Visual Studio 2010
Project("{FAE04EC0-301F-11D3-BF4B-00C04F79EFBC}") = "Gablarski.Clients.WinForms", "Gablarski.Clients.WinForms.csproj", "{043E20A2-310D-41C0-94BC-766E3BAACAFB}"
	ProjectSection(ProjectDependencies) = postProject
		{B3605103-A797-4F0F-9C3A-8566DD13700A} = {B3605103-A797-4F0F-9C3A-8566DD13700A}
		{D5FBD205-094A-46C5-88A8-16D4053733D9} = {D5FBD205-094A-46C5-88A8-16D4053733D9}
		{542BFF13-39BF-456B-B36F-7F65C6AE0830} = {542BFF13-39BF-456B-B36F-7F65C6AE0830}
		{29A83468-C6AB-4485-BD35-F5BD8FEB8C2E} = {29A83468-C6AB-4485-BD35-F5BD8FEB8C2E}
		{C9DE76C5-68FC-44E1-AF63-CCE2D80BAA6C} = {C9DE76C5-68FC-44E1-AF63-CCE2D80BAA6C}
	EndProjectSection
EndProject
Project("{FAE04EC0-301F-11D3-BF4B-00C04F79EFBC}") = "Gablarski", "..\..\Gablarski\Gablarski.csproj", "{7347052B-DA5B-4CCA-AB28-3963766E3CDB}"
EndProject
Project("{FAE04EC0-301F-11D3-BF4B-00C04F79EFBC}") = "Mono.Rocks", "..\..\Mono.Rocks\Mono.Rocks.csproj", "{F656F792-2CDE-4E17-BB5F-6A6F1C266CB8}"
EndProject
Project("{FAE04EC0-301F-11D3-BF4B-00C04F79EFBC}") = "Gablarski.Input.DirectInput", "..\..\Gablarski.Input.DirectInput\Gablarski.Input.DirectInput.csproj", "{D5FBD205-094A-46C5-88A8-16D4053733D9}"
EndProject
Project("{FAE04EC0-301F-11D3-BF4B-00C04F79EFBC}") = "Gablarski.SpeechNotifier", "..\..\Gablarski.SpeechNotifier\Gablarski.SpeechNotifier.csproj", "{542BFF13-39BF-456B-B36F-7F65C6AE0830}"
EndProject
Project("{FAE04EC0-301F-11D3-BF4B-00C04F79EFBC}") = "Gablarski.Winamp", "..\..\Gablarski.Winamp\Gablarski.Winamp.csproj", "{C9DE76C5-68FC-44E1-AF63-CCE2D80BAA6C}"
EndProject
Project("{FAE04EC0-301F-11D3-BF4B-00C04F79EFBC}") = "Gablarski.iTunes", "..\..\Gablarski.iTunes\Gablarski.iTunes.csproj", "{29A83468-C6AB-4485-BD35-F5BD8FEB8C2E}"
EndProject
Project("{FAE04EC0-301F-11D3-BF4B-00C04F79EFBC}") = "Gablarski.Growl", "..\..\Gablarski.Growl\Gablarski.Growl.csproj", "{B3605103-A797-4F0F-9C3A-8566DD13700A}"
EndProject
Project("{FAE04EC0-301F-11D3-BF4B-00C04F79EFBC}") = "Gablarski.Clients", "..\..\Gablarski.Clients\Gablarski.Clients.csproj", "{F8A695AA-8BC9-46D4-8B7A-BDBD7B74401F}"
EndProject
Project("{FAE04EC0-301F-11D3-BF4B-00C04F79EFBC}") = "FluentNHibernate", "..\..\fluent-nhibernate\src\FluentNHibernate\FluentNHibernate.csproj", "{529145D5-6CC3-4016-89B5-826563024AF1}"
EndProject
Global
	GlobalSection(SolutionConfigurationPlatforms) = preSolution
		Debug|x86 = Debug|x86
		Mono Debug|x86 = Mono Debug|x86
		Release|x86 = Release|x86
	EndGlobalSection
	GlobalSection(ProjectConfigurationPlatforms) = postSolution
		{043E20A2-310D-41C0-94BC-766E3BAACAFB}.Debug|x86.ActiveCfg = Debug|x86
		{043E20A2-310D-41C0-94BC-766E3BAACAFB}.Debug|x86.Build.0 = Debug|x86
		{043E20A2-310D-41C0-94BC-766E3BAACAFB}.Mono Debug|x86.ActiveCfg = Mono Debug|x86
		{043E20A2-310D-41C0-94BC-766E3BAACAFB}.Mono Debug|x86.Build.0 = Mono Debug|x86
		{043E20A2-310D-41C0-94BC-766E3BAACAFB}.Release|x86.ActiveCfg = Release|x86
		{043E20A2-310D-41C0-94BC-766E3BAACAFB}.Release|x86.Build.0 = Release|x86
		{7347052B-DA5B-4CCA-AB28-3963766E3CDB}.Debug|x86.ActiveCfg = Debug|Any CPU
		{7347052B-DA5B-4CCA-AB28-3963766E3CDB}.Debug|x86.Build.0 = Debug|Any CPU
		{7347052B-DA5B-4CCA-AB28-3963766E3CDB}.Mono Debug|x86.ActiveCfg = Mono Debug|x86
		{7347052B-DA5B-4CCA-AB28-3963766E3CDB}.Mono Debug|x86.Build.0 = Mono Debug|x86
		{7347052B-DA5B-4CCA-AB28-3963766E3CDB}.Release|x86.ActiveCfg = Release|x86
		{7347052B-DA5B-4CCA-AB28-3963766E3CDB}.Release|x86.Build.0 = Release|x86
		{F656F792-2CDE-4E17-BB5F-6A6F1C266CB8}.Debug|x86.ActiveCfg = Debug|Any CPU
		{F656F792-2CDE-4E17-BB5F-6A6F1C266CB8}.Debug|x86.Build.0 = Debug|Any CPU
		{F656F792-2CDE-4E17-BB5F-6A6F1C266CB8}.Mono Debug|x86.ActiveCfg = Debug|Any CPU
		{F656F792-2CDE-4E17-BB5F-6A6F1C266CB8}.Release|x86.ActiveCfg = Release|Any CPU
		{D5FBD205-094A-46C5-88A8-16D4053733D9}.Debug|x86.ActiveCfg = Debug|Any CPU
		{D5FBD205-094A-46C5-88A8-16D4053733D9}.Debug|x86.Build.0 = Debug|Any CPU
		{D5FBD205-094A-46C5-88A8-16D4053733D9}.Mono Debug|x86.ActiveCfg = Debug|Any CPU
		{D5FBD205-094A-46C5-88A8-16D4053733D9}.Release|x86.ActiveCfg = Release|Any CPU
		{542BFF13-39BF-456B-B36F-7F65C6AE0830}.Debug|x86.ActiveCfg = Debug|Any CPU
		{542BFF13-39BF-456B-B36F-7F65C6AE0830}.Debug|x86.Build.0 = Debug|Any CPU
		{542BFF13-39BF-456B-B36F-7F65C6AE0830}.Mono Debug|x86.ActiveCfg = Debug|Any CPU
		{542BFF13-39BF-456B-B36F-7F65C6AE0830}.Release|x86.ActiveCfg = Release|Any CPU
		{C9DE76C5-68FC-44E1-AF63-CCE2D80BAA6C}.Debug|x86.ActiveCfg = Debug|Any CPU
		{C9DE76C5-68FC-44E1-AF63-CCE2D80BAA6C}.Debug|x86.Build.0 = Debug|Any CPU
		{C9DE76C5-68FC-44E1-AF63-CCE2D80BAA6C}.Mono Debug|x86.ActiveCfg = Debug|Any CPU
		{C9DE76C5-68FC-44E1-AF63-CCE2D80BAA6C}.Release|x86.ActiveCfg = Release|Any CPU
		{29A83468-C6AB-4485-BD35-F5BD8FEB8C2E}.Debug|x86.ActiveCfg = Debug|Any CPU
		{29A83468-C6AB-4485-BD35-F5BD8FEB8C2E}.Debug|x86.Build.0 = Debug|Any CPU
		{29A83468-C6AB-4485-BD35-F5BD8FEB8C2E}.Mono Debug|x86.ActiveCfg = Debug|Any CPU
		{29A83468-C6AB-4485-BD35-F5BD8FEB8C2E}.Release|x86.ActiveCfg = Release|Any CPU
		{B3605103-A797-4F0F-9C3A-8566DD13700A}.Debug|x86.ActiveCfg = Debug|Any CPU
		{B3605103-A797-4F0F-9C3A-8566DD13700A}.Debug|x86.Build.0 = Debug|Any CPU
		{B3605103-A797-4F0F-9C3A-8566DD13700A}.Mono Debug|x86.ActiveCfg = Debug|Any CPU
		{B3605103-A797-4F0F-9C3A-8566DD13700A}.Release|x86.ActiveCfg = Release|Any CPU
		{F8A695AA-8BC9-46D4-8B7A-BDBD7B74401F}.Debug|x86.ActiveCfg = Debug|Any CPU
		{F8A695AA-8BC9-46D4-8B7A-BDBD7B74401F}.Debug|x86.Build.0 = Debug|Any CPU
		{F8A695AA-8BC9-46D4-8B7A-BDBD7B74401F}.Mono Debug|x86.ActiveCfg = Mono Debug|Any CPU
		{F8A695AA-8BC9-46D4-8B7A-BDBD7B74401F}.Release|x86.ActiveCfg = Release|Any CPU
		{529145D5-6CC3-4016-89B5-826563024AF1}.Debug|x86.ActiveCfg = Debug|Any CPU
		{529145D5-6CC3-4016-89B5-826563024AF1}.Debug|x86.Build.0 = Debug|Any CPU
		{529145D5-6CC3-4016-89B5-826563024AF1}.Mono Debug|x86.ActiveCfg = Mono Debug|Any CPU
		{529145D5-6CC3-4016-89B5-826563024AF1}.Release|x86.ActiveCfg = Release|Any CPU
	EndGlobalSection
	GlobalSection(SolutionProperties) = preSolution
		HideSolutionNode = FALSE
	EndGlobalSection
EndGlobal
