
Microsoft Visual Studio Solution File, Format Version 10.00
# Visual Studio 2008
Project("{FAE04EC0-301F-11D3-BF4B-00C04F79EFBC}") = "Gablarski.Clients.iPhone", "Gablarski.Clients.iPhone.csproj", "{0E30E1E3-CC04-4273-83FA-D006C31D1F9A}"
EndProject
Global
	GlobalSection(SolutionConfigurationPlatforms) = preSolution
		Debug|iPhoneSimulator = Debug|iPhoneSimulator
		Release|iPhoneSimulator = Release|iPhoneSimulator
		Debug|iPhone = Debug|iPhone
		Release|iPhone = Release|iPhone
	EndGlobalSection
	GlobalSection(ProjectConfigurationPlatforms) = postSolution
		{0E30E1E3-CC04-4273-83FA-D006C31D1F9A}.Debug|iPhone.ActiveCfg = Debug|iPhone
		{0E30E1E3-CC04-4273-83FA-D006C31D1F9A}.Debug|iPhone.Build.0 = Debug|iPhone
		{0E30E1E3-CC04-4273-83FA-D006C31D1F9A}.Debug|iPhoneSimulator.ActiveCfg = Debug|iPhoneSimulator
		{0E30E1E3-CC04-4273-83FA-D006C31D1F9A}.Debug|iPhoneSimulator.Build.0 = Debug|iPhoneSimulator
		{0E30E1E3-CC04-4273-83FA-D006C31D1F9A}.Release|iPhone.ActiveCfg = Release|iPhone
		{0E30E1E3-CC04-4273-83FA-D006C31D1F9A}.Release|iPhone.Build.0 = Release|iPhone
		{0E30E1E3-CC04-4273-83FA-D006C31D1F9A}.Release|iPhoneSimulator.ActiveCfg = Release|iPhoneSimulator
		{0E30E1E3-CC04-4273-83FA-D006C31D1F9A}.Release|iPhoneSimulator.Build.0 = Release|iPhoneSimulator
	EndGlobalSection
	GlobalSection(MonoDevelopProperties) = preSolution
		version = 0.1
		StartupItem = Gablarski.Clients.iPhone.csproj
	EndGlobalSection
EndGlobal
